{"is_source_file": true, "file_id": 19, "git_revision": "b79dd07c5f93f2d2af88cb25f94811a21e6e799e", "state": 1, "description": "", "external_files": [], "external_methods": [], "published": [], "classes": [], "methods": [], "calls": [], "search-terms": [], "filename": "/home/kavia/workspace/code-generation/studysync-24738-f859a3df/studysync_dashboard/post_process_status.lock", "hash": "e9b4c3b42cef0193b7fddb548d37e652", "format-version": 4, "code-base-name": "default", "knowledge_revision": 39}